
Microsoft Visual Studio Solution File, Format Version 12.00
# Visual Studio Version 16
VisualStudioVersion = 16.0.29613.14
MinimumVisualStudioVersion = 10.0.40219.1
Project("{FAE04EC0-301F-11D3-BF4B-00C04F79EFBC}") = "JSAssignmentConsoleApp", "JSAssignmentConsoleApp\JSAssignmentConsoleApp.csproj", "{C6991287-A0F1-4785-8C01-9A829A213B0E}"
EndProject
Global
	GlobalSection(SolutionConfigurationPlatforms) = preSolution
		Debug|Any CPU = Debug|Any CPU
		Release|Any CPU = Release|Any CPU
	EndGlobalSection
	GlobalSection(ProjectConfigurationPlatforms) = postSolution
		{C6991287-A0F1-4785-8C01-9A829A213B0E}.Debug|Any CPU.ActiveCfg = Debug|Any CPU
		{C6991287-A0F1-4785-8C01-9A829A213B0E}.Debug|Any CPU.Build.0 = Debug|Any CPU
		{C6991287-A0F1-4785-8C01-9A829A213B0E}.Release|Any CPU.ActiveCfg = Release|Any CPU
		{C6991287-A0F1-4785-8C01-9A829A213B0E}.Release|Any CPU.Build.0 = Release|Any CPU
	EndGlobalSection
	GlobalSection(SolutionProperties) = preSolution
		HideSolutionNode = FALSE
	EndGlobalSection
	GlobalSection(ExtensibilityGlobals) = postSolution
		SolutionGuid = {50005764-FD5D-469B-B310-8799500A5163}
	EndGlobalSection
EndGlobal
